
Microsoft Visual Studio Solution File, Format Version 12.00
# Visual Studio Version 16
VisualStudioVersion = 16.0.29609.76
MinimumVisualStudioVersion = 10.0.40219.1
Project("{9A19103F-16F7-4668-BE54-9A1E7A4F7556}") = "MediaPlannerCore.Model", "MediaPlannerCore.Model\MediaPlannerCore.Model.csproj", "{C6AD4D92-B052-4E92-84B7-0D96C1C50965}"
EndProject
Project("{9A19103F-16F7-4668-BE54-9A1E7A4F7556}") = "MediaPlannerCore.Data", "MediaPlannerCore.Data\MediaPlannerCore.Data.csproj", "{C3F9FCBF-CDF1-4DBC-970D-999679B9EE78}"
EndProject
Project("{9A19103F-16F7-4668-BE54-9A1E7A4F7556}") = "MediaPlannerCore.Service", "MediaPlannerCore.Service\MediaPlannerCore.Service.csproj", "{EC64D56F-35A5-4C5C-ABF1-68D50A321E48}"
EndProject
Project("{9A19103F-16F7-4668-BE54-9A1E7A4F7556}") = "MediaPlannerCore.Web", "MediaPlannerCore.Web\MediaPlannerCore.Web.csproj", "{B36791C8-C29A-442C-B015-FA945ECA655A}"
EndProject
Global
	GlobalSection(SolutionConfigurationPlatforms) = preSolution
		Debug|Any CPU = Debug|Any CPU
		Release|Any CPU = Release|Any CPU
	EndGlobalSection
	GlobalSection(ProjectConfigurationPlatforms) = postSolution
		{C6AD4D92-B052-4E92-84B7-0D96C1C50965}.Debug|Any CPU.ActiveCfg = Debug|Any CPU
		{C6AD4D92-B052-4E92-84B7-0D96C1C50965}.Debug|Any CPU.Build.0 = Debug|Any CPU
		{C6AD4D92-B052-4E92-84B7-0D96C1C50965}.Release|Any CPU.ActiveCfg = Release|Any CPU
		{C6AD4D92-B052-4E92-84B7-0D96C1C50965}.Release|Any CPU.Build.0 = Release|Any CPU
		{C3F9FCBF-CDF1-4DBC-970D-999679B9EE78}.Debug|Any CPU.ActiveCfg = Debug|Any CPU
		{C3F9FCBF-CDF1-4DBC-970D-999679B9EE78}.Debug|Any CPU.Build.0 = Debug|Any CPU
		{C3F9FCBF-CDF1-4DBC-970D-999679B9EE78}.Release|Any CPU.ActiveCfg = Release|Any CPU
		{C3F9FCBF-CDF1-4DBC-970D-999679B9EE78}.Release|Any CPU.Build.0 = Release|Any CPU
		{EC64D56F-35A5-4C5C-ABF1-68D50A321E48}.Debug|Any CPU.ActiveCfg = Debug|Any CPU
		{EC64D56F-35A5-4C5C-ABF1-68D50A321E48}.Debug|Any CPU.Build.0 = Debug|Any CPU
		{EC64D56F-35A5-4C5C-ABF1-68D50A321E48}.Release|Any CPU.ActiveCfg = Release|Any CPU
		{EC64D56F-35A5-4C5C-ABF1-68D50A321E48}.Release|Any CPU.Build.0 = Release|Any CPU
		{B36791C8-C29A-442C-B015-FA945ECA655A}.Debug|Any CPU.ActiveCfg = Debug|Any CPU
		{B36791C8-C29A-442C-B015-FA945ECA655A}.Debug|Any CPU.Build.0 = Debug|Any CPU
		{B36791C8-C29A-442C-B015-FA945ECA655A}.Release|Any CPU.ActiveCfg = Release|Any CPU
		{B36791C8-C29A-442C-B015-FA945ECA655A}.Release|Any CPU.Build.0 = Release|Any CPU
	EndGlobalSection
	GlobalSection(SolutionProperties) = preSolution
		HideSolutionNode = FALSE
	EndGlobalSection
	GlobalSection(ExtensibilityGlobals) = postSolution
		SolutionGuid = {03A04DD8-A298-40AC-BA9C-154E96CE0C2A}
	EndGlobalSection
EndGlobal
